// !$*UTF8*$!
{
	archiveVersion = 1;
	classes = {
	};
	objectVersion = 77;
	objects = {

/* Begin PBXBuildFile section */
		367876F92ED77FA400ABD929 /* Authentication in Frameworks */ = {isa = PBXBuildFile; productRef = 367876F82ED77FA400ABD929 /* Authentication */; };
		367876FB2ED77FAA00ABD929 /* ClassManagement in Frameworks */ = {isa = PBXBuildFile; productRef = 367876FA2ED77FA900ABD929 /* ClassManagement */; };
		367876FD2ED77FAF00ABD929 /* Core in Frameworks */ = {isa = PBXBuildFile; productRef = 367876FC2ED77FAF00ABD929 /* Core */; };
		367876FF2ED77FB300ABD929 /* Flashcards in Frameworks */ = {isa = PBXBuildFile; productRef = 367876FE2ED77FB300ABD929 /* Flashcards */; };
		367877012ED77FB900ABD929 /* Notes in Frameworks */ = {isa = PBXBuildFile; productRef = 367877002ED77FB900ABD929 /* Notes */; };
/* End PBXBuildFile section */

/* Begin PBXContainerItemProxy section */
		366F260E2EE5DBE600D94067 /* PBXContainerItemProxy */ = {
			isa = PBXContainerItemProxy;
			containerPortal = 36D8B87E2ED76FE0009B2305 /* Project object */;
			proxyType = 1;
			remoteGlobalIDString = 36D8B8852ED76FE0009B2305;
			remoteInfo = IOS_Student_Haven;
		};
/* End PBXContainerItemProxy section */

/* Begin PBXFileReference section */
		366F260A2EE5DBE600D94067 /* IOS_Student_HavenTests.xctest */ = {isa = PBXFileReference; explicitFileType = wrapper.cfbundle; includeInIndex = 0; path = IOS_Student_HavenTests.xctest; sourceTree = BUILT_PRODUCTS_DIR; };
		36D8B8862ED76FE0009B2305 /* IOS_Student_Haven.app */ = {isa = PBXFileReference; explicitFileType = wrapper.application; includeInIndex = 0; path = IOS_Student_Haven.app; sourceTree = BUILT_PRODUCTS_DIR; };
/* End PBXFileReference section */

/* Begin PBXFileSystemSynchronizedRootGroup section */
		366F260B2EE5DBE600D94067 /* IOS_Student_HavenTests */ = {
			isa = PBXFileSystemSynchronizedRootGroup;
			path = IOS_Student_HavenTests;
			sourceTree = "<group>";
		};
		36D8B8882ED76FE0009B2305 /* IOS_Studeent_Haven */ = {
			isa = PBXFileSystemSynchronizedRootGroup;
			path = IOS_Studeent_Haven;
			sourceTree = "<group>";
		};
/* End PBXFileSystemSynchronizedRootGroup section */

/* Begin PBXFrameworksBuildPhase section */
		366F26072EE5DBE600D94067 /* Frameworks */ = {
			isa = PBXFrameworksBuildPhase;
			buildActionMask = 2147483647;
			files = (
			);
			runOnlyForDeploymentPostprocessing = 0;
		};
		36D8B8832ED76FE0009B2305 /* Frameworks */ = {
			isa = PBXFrameworksBuildPhase;
			buildActionMask = 2147483647;
			files = (
				367876FB2ED77FAA00ABD929 /* ClassManagement in Frameworks */,
				367877012ED77FB900ABD929 /* Notes in Frameworks */,
				367876FF2ED77FB300ABD929 /* Flashcards in Frameworks */,
				367876F92ED77FA400ABD929 /* Authentication in Frameworks */,
				367876FD2ED77FAF00ABD929 /* Core in Frameworks */,
			);
			runOnlyForDeploymentPostprocessing = 0;
		};
/* End PBXFrameworksBuildPhase section */

/* Begin PBXGroup section */
		367876F72ED77FA400ABD929 /* Frameworks */ = {
			isa = PBXGroup;
			children = (
			);
			name = Frameworks;
			sourceTree = "<group>";
		};
		36D8B87D2ED76FE0009B2305 = {
			isa = PBXGroup;
			children = (
				36D8B8882ED76FE0009B2305 /* IOS_Studeent_Haven */,
				366F260B2EE5DBE600D94067 /* IOS_Student_HavenTests */,
				367876F72ED77FA400ABD929 /* Frameworks */,
				36D8B8872ED76FE0009B2305 /* Products */,
			);
			sourceTree = "<group>";
		};
		36D8B8872ED76FE0009B2305 /* Products */ = {
			isa = PBXGroup;
			children = (
				36D8B8862ED76FE0009B2305 /* IOS_Student_Haven.app */,
				366F260A2EE5DBE600D94067 /* IOS_Student_HavenTests.xctest */,
			);
			name = Products;
			sourceTree = "<group>";
		};
/* End PBXGroup section */

/* Begin PBXNativeTarget section */
		366F26092EE5DBE600D94067 /* IOS_Student_HavenTests */ = {
			isa = PBXNativeTarget;
			buildConfigurationList = 366F26102EE5DBE600D94067 /* Build configuration list for PBXNativeTarget "IOS_Student_HavenTests" */;
			buildPhases = (
				366F26062EE5DBE600D94067 /* Sources */,
				366F26072EE5DBE600D94067 /* Frameworks */,
				366F26082EE5DBE600D94067 /* Resources */,
			);
			buildRules = (
			);
			dependencies = (
				366F260F2EE5DBE600D94067 /* PBXTargetDependency */,
			);
			fileSystemSynchronizedGroups = (
				366F260B2EE5DBE600D94067 /* IOS_Student_HavenTests */,
			);
			name = IOS_Student_HavenTests;
			packageProductDependencies = (
			);
			productName = IOS_Student_HavenTests;
			productReference = 366F260A2EE5DBE600D94067 /* IOS_Student_HavenTests.xctest */;
			productType = "com.apple.product-type.bundle.unit-test";
		};
		36D8B8852ED76FE0009B2305 /* IOS_Student_Haven */ = {
			isa = PBXNativeTarget;
			buildConfigurationList = 36D8B8912ED76FE0009B2305 /* Build configuration list for PBXNativeTarget "IOS_Student_Haven" */;
			buildPhases = (
				36D8B8822ED76FE0009B2305 /* Sources */,
				36D8B8832ED76FE0009B2305 /* Frameworks */,
				36D8B8842ED76FE0009B2305 /* Resources */,
			);
			buildRules = (
			);
			dependencies = (
			);
			fileSystemSynchronizedGroups = (
				36D8B8882ED76FE0009B2305 /* IOS_Studeent_Haven */,
			);
			name = IOS_Student_Haven;
			packageProductDependencies = (
				367876F82ED77FA400ABD929 /* Authentication */,
				367876FA2ED77FA900ABD929 /* ClassManagement */,
				367876FC2ED77FAF00ABD929 /* Core */,
				367876FE2ED77FB300ABD929 /* Flashcards */,
				367877002ED77FB900ABD929 /* Notes */,
			);
			productName = IOS_Studeent_Haven;
			productReference = 36D8B8862ED76FE0009B2305 /* IOS_Student_Haven.app */;
			productType = "com.apple.product-type.application";
		};
/* End PBXNativeTarget section */

/* Begin PBXProject section */
		36D8B87E2ED76FE0009B2305 /* Project object */ = {
			isa = PBXProject;
			attributes = {
				BuildIndependentTargetsInParallel = 1;
				LastSwiftUpdateCheck = 2610;
				LastUpgradeCheck = 1640;
				TargetAttributes = {
					366F26092EE5DBE600D94067 = {
						CreatedOnToolsVersion = 26.1.1;
						TestTargetID = 36D8B8852ED76FE0009B2305;
					};
					36D8B8852ED76FE0009B2305 = {
						CreatedOnToolsVersion = 16.4;
					};
				};
			};
			buildConfigurationList = 36D8B8812ED76FE0009B2305 /* Build configuration list for PBXProject "IOS_Student_Haven" */;
			developmentRegion = en;
			hasScannedForEncodings = 0;
			knownRegions = (
				en,
				Base,
			);
			mainGroup = 36D8B87D2ED76FE0009B2305;
			minimizedProjectReferenceProxies = 1;
			packageReferences = (
				36D8B8942ED7707C009B2305 /* XCLocalSwiftPackageReference "../StudentStudyHaven" */,
			);
			preferredProjectObjectVersion = 77;
			productRefGroup = 36D8B8872ED76FE0009B2305 /* Products */;
			projectDirPath = "";
			projectRoot = "";
			targets = (
				36D8B8852ED76FE0009B2305 /* IOS_Student_Haven */,
				366F26092EE5DBE600D94067 /* IOS_Student_HavenTests */,
			);
		};
/* End PBXProject section */

/* Begin PBXResourcesBuildPhase section */
		366F26082EE5DBE600D94067 /* Resources */ = {
			isa = PBXResourcesBuildPhase;
			buildActionMask = 2147483647;
			files = (
			);
			runOnlyForDeploymentPostprocessing = 0;
		};
		36D8B8842ED76FE0009B2305 /* Resources */ = {
			isa = PBXResourcesBuildPhase;
			buildActionMask = 2147483647;
			files = (
			);
			runOnlyForDeploymentPostprocessing = 0;
		};
/* End PBXResourcesBuildPhase section */

/* Begin PBXSourcesBuildPhase section */
		366F26062EE5DBE600D94067 /* Sources */ = {
			isa = PBXSourcesBuildPhase;
			buildActionMask = 2147483647;
			files = (
			);
			runOnlyForDeploymentPostprocessing = 0;
		};
		36D8B8822ED76FE0009B2305 /* Sources */ = {
			isa = PBXSourcesBuildPhase;
			buildActionMask = 2147483647;
			files = (
			);
			runOnlyForDeploymentPostprocessing = 0;
		};
/* End PBXSourcesBuildPhase section */

/* Begin PBXTargetDependency section */
		366F260F2EE5DBE600D94067 /* PBXTargetDependency */ = {
			isa = PBXTargetDependency;
			target = 36D8B8852ED76FE0009B2305 /* IOS_Student_Haven */;
			targetProxy = 366F260E2EE5DBE600D94067 /* PBXContainerItemProxy */;
		};
/* End PBXTargetDependency section */

/* Begin XCBuildConfiguration section */
		366F26112EE5DBE600D94067 /* Debug */ = {
			isa = XCBuildConfiguration;
			buildSettings = {
				BUNDLE_LOADER = "$(TEST_HOST)";
				CODE_SIGN_STYLE = Automatic;
				CURRENT_PROJECT_VERSION = 1;
				DEVELOPMENT_TEAM = PL58734CZ4;
				GENERATE_INFOPLIST_FILE = YES;
				INFOPLIST_KEY_NSCameraUsageDescription = "Student Haven needs camera access to scan your face and create a realistic 3D avatar using Apple Vision AI.";
				INFOPLIST_KEY_NSPhotoLibraryUsageDescription = "Student Haven needs photo library access to select a photo for creating your 3D avatar.";
				IPHONEOS_DEPLOYMENT_TARGET = 26.1;
				MARKETING_VERSION = 1.0;
				PRODUCT_BUNDLE_IDENTIFIER = "com.Ben.IOS-Student-HavenTests";
				PRODUCT_NAME = "$(TARGET_NAME)";
				STRING_CATALOG_GENERATE_SYMBOLS = NO;
				SWIFT_APPROACHABLE_CONCURRENCY = YES;
				SWIFT_EMIT_LOC_STRINGS = NO;
				SWIFT_UPCOMING_FEATURE_MEMBER_IMPORT_VISIBILITY = YES;
				SWIFT_VERSION = 5.0;
				TARGETED_DEVICE_FAMILY = "1,2";
				TEST_HOST = "$(BUILT_PRODUCTS_DIR)/IOS_Student_Haven.app/$(BUNDLE_EXECUTABLE_FOLDER_PATH)/IOS_Student_Haven";
			};
			name = Debug;
		};
		366F26122EE5DBE600D94067 /* Release */ = {
			isa = XCBuildConfiguration;
			buildSettings = {
				BUNDLE_LOADER = "$(TEST_HOST)";
				CODE_SIGN_STYLE = Automatic;
				CURRENT_PROJECT_VERSION = 1;
				DEVELOPMENT_TEAM = PL58734CZ4;
				GENERATE_INFOPLIST_FILE = YES;
				INFOPLIST_KEY_NSCameraUsageDescription = "Student Haven needs camera access to scan your face and create a realistic 3D avatar using Apple Vision AI.";
				INFOPLIST_KEY_NSPhotoLibraryUsageDescription = "Student Haven needs photo library access to select a photo for creating your 3D avatar.";
				IPHONEOS_DEPLOYMENT_TARGET = 26.1;
				MARKETING_VERSION = 1.0;
				PRODUCT_BUNDLE_IDENTIFIER = "com.Ben.IOS-Student-HavenTests";
				PRODUCT_NAME = "$(TARGET_NAME)";
				STRING_CATALOG_GENERATE_SYMBOLS = NO;
				SWIFT_APPROACHABLE_CONCURRENCY = YES;
				SWIFT_EMIT_LOC_STRINGS = NO;
				SWIFT_UPCOMING_FEATURE_MEMBER_IMPORT_VISIBILITY = YES;
				SWIFT_VERSION = 5.0;
				TARGETED_DEVICE_FAMILY = "1,2";
				TEST_HOST = "$(BUILT_PRODUCTS_DIR)/IOS_Student_Haven.app/$(BUNDLE_EXECUTABLE_FOLDER_PATH)/IOS_Student_Haven";
			};
			name = Release;
		};
		36D8B88F2ED76FE0009B2305 /* Debug */ = {
			isa = XCBuildConfiguration;
			buildSettings = {
				ALWAYS_SEARCH_USER_PATHS = NO;
				ASSETCATALOG_COMPILER_GENERATE_SWIFT_ASSET_SYMBOL_EXTENSIONS = YES;
				CLANG_ANALYZER_NONNULL = YES;
				CLANG_ANALYZER_NUMBER_OBJECT_CONVERSION = YES_AGGRESSIVE;
				CLANG_CXX_LANGUAGE_STANDARD = "gnu++20";
				CLANG_ENABLE_MODULES = YES;
				CLANG_ENABLE_OBJC_ARC = YES;
				CLANG_ENABLE_OBJC_WEAK = YES;
				CLANG_WARN_BLOCK_CAPTURE_AUTORELEASING = YES;
				CLANG_WARN_BOOL_CONVERSION = YES;
				CLANG_WARN_COMMA = YES;
				CLANG_WARN_CONSTANT_CONVERSION = YES;
				CLANG_WARN_DEPRECATED_OBJC_IMPLEMENTATIONS = YES;
				CLANG_WARN_DIRECT_OBJC_ISA_USAGE = YES_ERROR;
				CLANG_WARN_DOCUMENTATION_COMMENTS = YES;
				CLANG_WARN_EMPTY_BODY = YES;
				CLANG_WARN_ENUM_CONVERSION = YES;
				CLANG_WARN_INFINITE_RECURSION = YES;
				CLANG_WARN_INT_CONVERSION = YES;
				CLANG_WARN_NON_LITERAL_NULL_CONVERSION = YES;
				CLANG_WARN_OBJC_IMPLICIT_RETAIN_SELF = YES;
				CLANG_WARN_OBJC_LITERAL_CONVERSION = YES;
				CLANG_WARN_OBJC_ROOT_CLASS = YES_ERROR;
				CLANG_WARN_QUOTED_INCLUDE_IN_FRAMEWORK_HEADER = YES;
				CLANG_WARN_RANGE_LOOP_ANALYSIS = YES;
				CLANG_WARN_STRICT_PROTOTYPES = YES;
				CLANG_WARN_SUSPICIOUS_MOVE = YES;
				CLANG_WARN_UNGUARDED_AVAILABILITY = YES_AGGRESSIVE;
				CLANG_WARN_UNREACHABLE_CODE = YES;
				CLANG_WARN__DUPLICATE_METHOD_MATCH = YES;
				COPY_PHASE_STRIP = NO;
				DEBUG_INFORMATION_FORMAT = dwarf;
				DEVELOPMENT_TEAM = PL58734CZ4;
				ENABLE_STRICT_OBJC_MSGSEND = YES;
				ENABLE_TESTABILITY = YES;
				ENABLE_USER_SCRIPT_SANDBOXING = YES;
				GCC_C_LANGUAGE_STANDARD = gnu17;
				GCC_DYNAMIC_NO_PIC = NO;
				GCC_NO_COMMON_BLOCKS = YES;
				GCC_OPTIMIZATION_LEVEL = 0;
				GCC_PREPROCESSOR_DEFINITIONS = (
					"DEBUG=1",
					"$(inherited)",
				);
				GCC_WARN_64_TO_32_BIT_CONVERSION = YES;
				GCC_WARN_ABOUT_RETURN_TYPE = YES_ERROR;
				GCC_WARN_UNDECLARED_SELECTOR = YES;
				GCC_WARN_UNINITIALIZED_AUTOS = YES_AGGRESSIVE;
				GCC_WARN_UNUSED_FUNCTION = YES;
				GCC_WARN_UNUSED_VARIABLE = YES;
				IPHONEOS_DEPLOYMENT_TARGET = 18.5;
				LOCALIZATION_PREFERS_STRING_CATALOGS = YES;
				MTL_ENABLE_DEBUG_INFO = INCLUDE_SOURCE;
				MTL_FAST_MATH = YES;
				ONLY_ACTIVE_ARCH = YES;
				SDKROOT = iphoneos;
				SWIFT_ACTIVE_COMPILATION_CONDITIONS = "DEBUG $(inherited)";
				SWIFT_OPTIMIZATION_LEVEL = "-Onone";
			};
			name = Debug;
		};
		36D8B8902ED76FE0009B2305 /* Release */ = {
			isa = XCBuildConfiguration;
			buildSettings = {
				ALWAYS_SEARCH_USER_PATHS = NO;
				ASSETCATALOG_COMPILER_GENERATE_SWIFT_ASSET_SYMBOL_EXTENSIONS = YES;
				CLANG_ANALYZER_NONNULL = YES;
				CLANG_ANALYZER_NUMBER_OBJECT_CONVERSION = YES_AGGRESSIVE;
				CLANG_CXX_LANGUAGE_STANDARD = "gnu++20";
				CLANG_ENABLE_MODULES = YES;
				CLANG_ENABLE_OBJC_ARC = YES;
				CLANG_ENABLE_OBJC_WEAK = YES;
				CLANG_WARN_BLOCK_CAPTURE_AUTORELEASING = YES;
				CLANG_WARN_BOOL_CONVERSION = YES;
				CLANG_WARN_COMMA = YES;
				CLANG_WARN_CONSTANT_CONVERSION = YES;
				CLANG_WARN_DEPRECATED_OBJC_IMPLEMENTATIONS = YES;
				CLANG_WARN_DIRECT_OBJC_ISA_USAGE = YES_ERROR;
				CLANG_WARN_DOCUMENTATION_COMMENTS = YES;
				CLANG_WARN_EMPTY_BODY = YES;
				CLANG_WARN_ENUM_CONVERSION = YES;
				CLANG_WARN_INFINITE_RECURSION = YES;
				CLANG_WARN_INT_CONVERSION = YES;
				CLANG_WARN_NON_LITERAL_NULL_CONVERSION = YES;
				CLANG_WARN_OBJC_IMPLICIT_RETAIN_SELF = YES;
				CLANG_WARN_OBJC_LITERAL_CONVERSION = YES;
				CLANG_WARN_OBJC_ROOT_CLASS = YES_ERROR;
				CLANG_WARN_QUOTED_INCLUDE_IN_FRAMEWORK_HEADER = YES;
				CLANG_WARN_RANGE_LOOP_ANALYSIS = YES;
				CLANG_WARN_STRICT_PROTOTYPES = YES;
				CLANG_WARN_SUSPICIOUS_MOVE = YES;
				CLANG_WARN_UNGUARDED_AVAILABILITY = YES_AGGRESSIVE;
				CLANG_WARN_UNREACHABLE_CODE = YES;
				CLANG_WARN__DUPLICATE_METHOD_MATCH = YES;
				COPY_PHASE_STRIP = NO;
				DEBUG_INFORMATION_FORMAT = "dwarf-with-dsym";
				DEVELOPMENT_TEAM = PL58734CZ4;
				ENABLE_NS_ASSERTIONS = NO;
				ENABLE_STRICT_OBJC_MSGSEND = YES;
				ENABLE_USER_SCRIPT_SANDBOXING = YES;
				GCC_C_LANGUAGE_STANDARD = gnu17;
				GCC_NO_COMMON_BLOCKS = YES;
				GCC_WARN_64_TO_32_BIT_CONVERSION = YES;
				GCC_WARN_ABOUT_RETURN_TYPE = YES_ERROR;
				GCC_WARN_UNDECLARED_SELECTOR = YES;
				GCC_WARN_UNINITIALIZED_AUTOS = YES_AGGRESSIVE;
				GCC_WARN_UNUSED_FUNCTION = YES;
				GCC_WARN_UNUSED_VARIABLE = YES;
				IPHONEOS_DEPLOYMENT_TARGET = 18.5;
				LOCALIZATION_PREFERS_STRING_CATALOGS = YES;
				MTL_ENABLE_DEBUG_INFO = NO;
				MTL_FAST_MATH = YES;
				SDKROOT = iphoneos;
				SWIFT_COMPILATION_MODE = wholemodule;
				VALIDATE_PRODUCT = YES;
			};
			name = Release;
		};
		36D8B8922ED76FE0009B2305 /* Debug */ = {
			isa = XCBuildConfiguration;
			buildSettings = {
				ASSETCATALOG_COMPILER_APPICON_NAME = AppIcon;
				ASSETCATALOG_COMPILER_GLOBAL_ACCENT_COLOR_NAME = AccentColor;
				CODE_SIGN_STYLE = Automatic;
				CURRENT_PROJECT_VERSION = 2;
				DEVELOPMENT_TEAM = PL58734CZ4;
				ENABLE_PREVIEWS = YES;
				GENERATE_INFOPLIST_FILE = YES;
				INFOPLIST_KEY_NSCameraUsageDescription = "Student Haven needs camera access to scan your face and create a realistic 3D avatar using Apple Vision AI.";
				INFOPLIST_KEY_NSPhotoLibraryUsageDescription = "Student Haven needs photo library access to select a photo for creating your 3D avatar.";
				INFOPLIST_KEY_UIApplicationSceneManifest_Generation = YES;
				INFOPLIST_KEY_UIApplicationSupportsIndirectInputEvents = YES;
				INFOPLIST_KEY_UILaunchScreen_Generation = YES;
				INFOPLIST_KEY_UISupportedInterfaceOrientations_iPad = "UIInterfaceOrientationPortrait UIInterfaceOrientationPortraitUpsideDown UIInterfaceOrientationLandscapeLeft UIInterfaceOrientationLandscapeRight";
				INFOPLIST_KEY_UISupportedInterfaceOrientations_iPhone = "UIInterfaceOrientationPortrait UIInterfaceOrientationLandscapeLeft UIInterfaceOrientationLandscapeRight";
				LD_RUNPATH_SEARCH_PATHS = (
					"$(inherited)",
					"@executable_path/Frameworks",
				);
				MARKETING_VERSION = 1.3;
				PRODUCT_BUNDLE_IDENTIFIER = com.bholsinger.studentstudyhaven;
				PRODUCT_NAME = "$(TARGET_NAME)";
				SWIFT_EMIT_LOC_STRINGS = YES;
				SWIFT_VERSION = 5.0;
				TARGETED_DEVICE_FAMILY = "1,2";
			};
			name = Debug;
		};
		36D8B8932ED76FE0009B2305 /* Release */ = {
			isa = XCBuildConfiguration;
			buildSettings = {
				ASSETCATALOG_COMPILER_APPICON_NAME = AppIcon;
				ASSETCATALOG_COMPILER_GLOBAL_ACCENT_COLOR_NAME = AccentColor;
				CODE_SIGN_STYLE = Automatic;
				CURRENT_PROJECT_VERSION = 2;
				DEVELOPMENT_TEAM = PL58734CZ4;
				ENABLE_PREVIEWS = YES;
				GENERATE_INFOPLIST_FILE = YES;
				INFOPLIST_KEY_NSCameraUsageDescription = "Student Haven needs camera access to scan your face and create a realistic 3D avatar using Apple Vision AI.";
				INFOPLIST_KEY_NSPhotoLibraryUsageDescription = "Student Haven needs photo library access to select a photo for creating your 3D avatar.";
				INFOPLIST_KEY_UIApplicationSceneManifest_Generation = YES;
				INFOPLIST_KEY_UIApplicationSupportsIndirectInputEvents = YES;
				INFOPLIST_KEY_UILaunchScreen_Generation = YES;
				INFOPLIST_KEY_UISupportedInterfaceOrientations_iPad = "UIInterfaceOrientationPortrait UIInterfaceOrientationPortraitUpsideDown UIInterfaceOrientationLandscapeLeft UIInterfaceOrientationLandscapeRight";
				INFOPLIST_KEY_UISupportedInterfaceOrientations_iPhone = "UIInterfaceOrientationPortrait UIInterfaceOrientationLandscapeLeft UIInterfaceOrientationLandscapeRight";
				LD_RUNPATH_SEARCH_PATHS = (
					"$(inherited)",
					"@executable_path/Frameworks",
				);
				MARKETING_VERSION = 1.3;
				PRODUCT_BUNDLE_IDENTIFIER = com.bholsinger.studentstudyhaven;
				PRODUCT_NAME = "$(TARGET_NAME)";
				SWIFT_EMIT_LOC_STRINGS = YES;
				SWIFT_VERSION = 5.0;
				TARGETED_DEVICE_FAMILY = "1,2";
			};
			name = Release;
		};
/* End XCBuildConfiguration section */

/* Begin XCConfigurationList section */
		366F26102EE5DBE600D94067 /* Build configuration list for PBXNativeTarget "IOS_Student_HavenTests" */ = {
			isa = XCConfigurationList;
			buildConfigurations = (
				366F26112EE5DBE600D94067 /* Debug */,
				366F26122EE5DBE600D94067 /* Release */,
			);
			defaultConfigurationIsVisible = 0;
			defaultConfigurationName = Release;
		};
		36D8B8812ED76FE0009B2305 /* Build configuration list for PBXProject "IOS_Student_Haven" */ = {
			isa = XCConfigurationList;
			buildConfigurations = (
				36D8B88F2ED76FE0009B2305 /* Debug */,
				36D8B8902ED76FE0009B2305 /* Release */,
			);
			defaultConfigurationIsVisible = 0;
			defaultConfigurationName = Release;
		};
		36D8B8912ED76FE0009B2305 /* Build configuration list for PBXNativeTarget "IOS_Student_Haven" */ = {
			isa = XCConfigurationList;
			buildConfigurations = (
				36D8B8922ED76FE0009B2305 /* Debug */,
				36D8B8932ED76FE0009B2305 /* Release */,
			);
			defaultConfigurationIsVisible = 0;
			defaultConfigurationName = Release;
		};
/* End XCConfigurationList section */

/* Begin XCLocalSwiftPackageReference section */
		36D8B8942ED7707C009B2305 /* XCLocalSwiftPackageReference "../StudentStudyHaven" */ = {
			isa = XCLocalSwiftPackageReference;
			relativePath = ../StudentStudyHaven;
		};
/* End XCLocalSwiftPackageReference section */

/* Begin XCSwiftPackageProductDependency section */
		367876F82ED77FA400ABD929 /* Authentication */ = {
			isa = XCSwiftPackageProductDependency;
			package = 36D8B8942ED7707C009B2305 /* XCLocalSwiftPackageReference "../StudentStudyHaven" */;
			productName = Authentication;
		};
		367876FA2ED77FA900ABD929 /* ClassManagement */ = {
			isa = XCSwiftPackageProductDependency;
			package = 36D8B8942ED7707C009B2305 /* XCLocalSwiftPackageReference "../StudentStudyHaven" */;
			productName = ClassManagement;
		};
		367876FC2ED77FAF00ABD929 /* Core */ = {
			isa = XCSwiftPackageProductDependency;
			package = 36D8B8942ED7707C009B2305 /* XCLocalSwiftPackageReference "../StudentStudyHaven" */;
			productName = Core;
		};
		367876FE2ED77FB300ABD929 /* Flashcards */ = {
			isa = XCSwiftPackageProductDependency;
			package = 36D8B8942ED7707C009B2305 /* XCLocalSwiftPackageReference "../StudentStudyHaven" */;
			productName = Flashcards;
		};
		367877002ED77FB900ABD929 /* Notes */ = {
			isa = XCSwiftPackageProductDependency;
			package = 36D8B8942ED7707C009B2305 /* XCLocalSwiftPackageReference "../StudentStudyHaven" */;
			productName = Notes;
		};
/* End XCSwiftPackageProductDependency section */
	};
	rootObject = 36D8B87E2ED76FE0009B2305 /* Project object */;
}
